{
  "name": "ninja-slider",
  "version": "1.1.27",
  "lockfileVersion": 2,
  "requires": true,
  "packages": {
    "": {
      "name": "ninja-slider",
      "version": "1.1.27",
      "dependencies": {
        "ninja": "1.1"
      },
      "engines": {
        "node": "0.8",
        "npm": "1.1"
      }
    },
    "node_modules/ninja": {
      "version": "1.1.24",
      "resolved": "https://registry.npmjs.org/ninja/-/ninja-1.1.24.tgz",
      "integrity": "sha512-spQhtfZuHD2xffH90sAqEBjz2nAq8DoZzaYa3IP664J2fwbZv4ACoLrs8mxebzigiFgqq5nbVZkcEpxioH20bQ==",
      "engines": {
        "node": "0.8",
        "npm": "1.1"
      }
    }
  },
  "dependencies": {
    "ninja": {
      "version": "1.1.24",
      "resolved": "https://registry.npmjs.org/ninja/-/ninja-1.1.24.tgz",
      "integrity": "sha512-spQhtfZuHD2xffH90sAqEBjz2nAq8DoZzaYa3IP664J2fwbZv4ACoLrs8mxebzigiFgqq5nbVZkcEpxioH20bQ=="
    }
  }
}
